// !$*UTF8*$!
{
	archiveVersion = 1;
	classes = {
	};
	objectVersion = 46;
	objects = {

/* Begin PBXBuildFile section */
		20F34E5A1E42D3060046EB64 /* AppDelegate.swift in Sources */ = {isa = PBXBuildFile; fileRef = 20F34E591E42D3060046EB64 /* AppDelegate.swift */; };
		20F34E5C1E42D3060046EB64 /* ViewController.swift in Sources */ = {isa = PBXBuildFile; fileRef = 20F34E5B1E42D3060046EB64 /* ViewController.swift */; };
		20F34E5F1E42D3060046EB64 /* Main.storyboard in Resources */ = {isa = PBXBuildFile; fileRef = 20F34E5D1E42D3060046EB64 /* Main.storyboard */; };
		20F34E611E42D3060046EB64 /* Assets.xcassets in Resources */ = {isa = PBXBuildFile; fileRef = 20F34E601E42D3060046EB64 /* Assets.xcassets */; };
		20F34E641E42D3060046EB64 /* LaunchScreen.storyboard in Resources */ = {isa = PBXBuildFile; fileRef = 20F34E621E42D3060046EB64 /* LaunchScreen.storyboard */; };
/* End PBXBuildFile section */

/* Begin PBXFileReference section */
		20F34E561E42D3060046EB64 /* FuckingGoodCheapAndFast.app */ = {isa = PBXFileReference; explicitFileType = wrapper.application; includeInIndex = 0; path = FuckingGoodCheapAndFast.app; sourceTree = BUILT_PRODUCTS_DIR; };
		20F34E591E42D3060046EB64 /* AppDelegate.swift */ = {isa = PBXFileReference; lastKnownFileType = sourcecode.swift; path = AppDelegate.swift; sourceTree = "<group>"; };
		20F34E5B1E42D3060046EB64 /* ViewController.swift */ = {isa = PBXFileReference; lastKnownFileType = sourcecode.swift; path = ViewController.swift; sourceTree = "<group>"; };
		20F34E5E1E42D3060046EB64 /* Base */ = {isa = PBXFileReference; lastKnownFileType = file.storyboard; name = Base; path = Base.lproj/Main.storyboard; sourceTree = "<group>"; };
		20F34E601E42D3060046EB64 /* Assets.xcassets */ = {isa = PBXFileReference; lastKnownFileType = folder.assetcatalog; path = Assets.xcassets; sourceTree = "<group>"; };
		20F34E631E42D3060046EB64 /* Base */ = {isa = PBXFileReference; lastKnownFileType = file.storyboard; name = Base; path = Base.lproj/LaunchScreen.storyboard; sourceTree = "<group>"; };
		20F34E651E42D3060046EB64 /* Info.plist */ = {isa = PBXFileReference; lastKnownFileType = text.plist.xml; path = Info.plist; sourceTree = "<group>"; };
		20F34E6B1E43161D0046EB64 /* zh-Hant */ = {isa = PBXFileReference; lastKnownFileType = text.plist.strings; name = "zh-Hant"; path = "zh-Hant.lproj/Main.strings"; sourceTree = "<group>"; };
		20F34E6C1E43161D0046EB64 /* zh-Hant */ = {isa = PBXFileReference; lastKnownFileType = text.plist.strings; name = "zh-Hant"; path = "zh-Hant.lproj/LaunchScreen.strings"; sourceTree = "<group>"; };
		20F34E6D1E4316240046EB64 /* de */ = {isa = PBXFileReference; lastKnownFileType = text.plist.strings; name = de; path = de.lproj/Main.strings; sourceTree = "<group>"; };
		20F34E6E1E4316240046EB64 /* de */ = {isa = PBXFileReference; lastKnownFileType = text.plist.strings; name = de; path = de.lproj/LaunchScreen.strings; sourceTree = "<group>"; };
/* End PBXFileReference section */

/* Begin PBXFrameworksBuildPhase section */
		20F34E531E42D3060046EB64 /* Frameworks */ = {
			isa = PBXFrameworksBuildPhase;
			buildActionMask = 2147483647;
			files = (
			);
			runOnlyForDeploymentPostprocessing = 0;
		};
/* End PBXFrameworksBuildPhase section */

/* Begin PBXGroup section */
		20F34E4D1E42D3060046EB64 = {
			isa = PBXGroup;
			children = (
				20F34E581E42D3060046EB64 /* FuckingGoodCheapAndFast */,
				20F34E571E42D3060046EB64 /* Products */,
			);
			sourceTree = "<group>";
		};
		20F34E571E42D3060046EB64 /* Products */ = {
			isa = PBXGroup;
			children = (
				20F34E561E42D3060046EB64 /* FuckingGoodCheapAndFast.app */,
			);
			name = Products;
			sourceTree = "<group>";
		};
		20F34E581E42D3060046EB64 /* FuckingGoodCheapAndFast */ = {
			isa = PBXGroup;
			children = (
				20F34E591E42D3060046EB64 /* AppDelegate.swift */,
				20F34E5B1E42D3060046EB64 /* ViewController.swift */,
				20F34E5D1E42D3060046EB64 /* Main.storyboard */,
				20F34E601E42D3060046EB64 /* Assets.xcassets */,
				20F34E621E42D3060046EB64 /* LaunchScreen.storyboard */,
				20F34E651E42D3060046EB64 /* Info.plist */,
			);
			path = FuckingGoodCheapAndFast;
			sourceTree = "<group>";
		};
/* End PBXGroup section */

/* Begin PBXNativeTarget section */
		20F34E551E42D3060046EB64 /* FuckingGoodCheapAndFast */ = {
			isa = PBXNativeTarget;
			buildConfigurationList = 20F34E681E42D3060046EB64 /* Build configuration list for PBXNativeTarget "FuckingGoodCheapAndFast" */;
			buildPhases = (
				20F34E521E42D3060046EB64 /* Sources */,
				20F34E531E42D3060046EB64 /* Frameworks */,
				20F34E541E42D3060046EB64 /* Resources */,
			);
			buildRules = (
			);
			dependencies = (
			);
			name = FuckingGoodCheapAndFast;
			productName = FuckingGoodCheapAndFast;
			productReference = 20F34E561E42D3060046EB64 /* FuckingGoodCheapAndFast.app */;
			productType = "com.apple.product-type.application";
		};
/* End PBXNativeTarget section */

/* Begin PBXProject section */
		20F34E4E1E42D3060046EB64 /* Project object */ = {
			isa = PBXProject;
			attributes = {
				LastSwiftUpdateCheck = 0820;
				LastUpgradeCheck = 0820;
				ORGANIZATIONNAME = Apacer;
				TargetAttributes = {
					20F34E551E42D3060046EB64 = {
						CreatedOnToolsVersion = 8.2.1;
						ProvisioningStyle = Automatic;
					};
				};
			};
			buildConfigurationList = 20F34E511E42D3060046EB64 /* Build configuration list for PBXProject "FuckingGoodCheapAndFast" */;
			compatibilityVersion = "Xcode 3.2";
			developmentRegion = English;
			hasScannedForEncodings = 0;
			knownRegions = (
				en,
				Base,
			);
			mainGroup = 20F34E4D1E42D3060046EB64;
			productRefGroup = 20F34E571E42D3060046EB64 /* Products */;
			projectDirPath = "";
			projectRoot = "";
			targets = (
				20F34E551E42D3060046EB64 /* FuckingGoodCheapAndFast */,
			);
		};
/* End PBXProject section */

/* Begin PBXResourcesBuildPhase section */
		20F34E541E42D3060046EB64 /* Resources */ = {
			isa = PBXResourcesBuildPhase;
			buildActionMask = 2147483647;
			files = (
				20F34E641E42D3060046EB64 /* LaunchScreen.storyboard in Resources */,
				20F34E611E42D3060046EB64 /* Assets.xcassets in Resources */,
				20F34E5F1E42D3060046EB64 /* Main.storyboard in Resources */,
			);
			runOnlyForDeploymentPostprocessing = 0;
		};
/* End PBXResourcesBuildPhase section */

/* Begin PBXSourcesBuildPhase section */
		20F34E521E42D3060046EB64 /* Sources */ = {
			isa = PBXSourcesBuildPhase;
			buildActionMask = 2147483647;
			files = (
				20F34E5C1E42D3060046EB64 /* ViewController.swift in Sources */,
				20F34E5A1E42D3060046EB64 /* AppDelegate.swift in Sources */,
			);
			runOnlyForDeploymentPostprocessing = 0;
		};
/* End PBXSourcesBuildPhase section */

/* Begin PBXVariantGroup section */
		20F34E5D1E42D3060046EB64 /* Main.storyboard */ = {
			isa = PBXVariantGroup;
			children = (
				20F34E5E1E42D3060046EB64 /* Base */,
				20F34E6B1E43161D0046EB64 /* zh-Hant */,
				20F34E6D1E4316240046EB64 /* de */,
			);
			name = Main.storyboard;
			sourceTree = "<group>";
		};
		20F34E621E42D3060046EB64 /* LaunchScreen.storyboard */ = {
			isa = PBXVariantGroup;
			children = (
				20F34E631E42D3060046EB64 /* Base */,
				20F34E6C1E43161D0046EB64 /* zh-Hant */,
				20F34E6E1E4316240046EB64 /* de */,
			);
			name = LaunchScreen.storyboard;
			sourceTree = "<group>";
		};
/* End PBXVariantGroup section */

/* Begin XCBuildConfiguration section */
		20F34E661E42D3060046EB64 /* Debug */ = {
			isa = XCBuildConfiguration;
			buildSettings = {
				ALWAYS_SEARCH_USER_PATHS = NO;
				CLANG_ANALYZER_LOCALIZABILITY_NONLOCALIZED = YES;
				CLANG_ANALYZER_NONNULL = YES;
				CLANG_CXX_LANGUAGE_STANDARD = "gnu++0x";
				CLANG_CXX_LIBRARY = "libc++";
				CLANG_ENABLE_MODULES = YES;
				CLANG_ENABLE_OBJC_ARC = YES;
				CLANG_WARN_BOOL_CONVERSION = YES;
				CLANG_WARN_CONSTANT_CONVERSION = YES;
				CLANG_WARN_DIRECT_OBJC_ISA_USAGE = YES_ERROR;
				CLANG_WARN_DOCUMENTATION_COMMENTS = YES;
				CLANG_WARN_EMPTY_BODY = YES;
				CLANG_WARN_ENUM_CONVERSION = YES;
				CLANG_WARN_INFINITE_RECURSION = YES;
				CLANG_WARN_INT_CONVERSION = YES;
				CLANG_WARN_OBJC_ROOT_CLASS = YES_ERROR;
				CLANG_WARN_SUSPICIOUS_MOVE = YES;
				CLANG_WARN_UNREACHABLE_CODE = YES;
				CLANG_WARN__DUPLICATE_METHOD_MATCH = YES;
				"CODE_SIGN_IDENTITY[sdk=iphoneos*]" = "iPhone Developer";
				COPY_PHASE_STRIP = NO;
				DEBUG_INFORMATION_FORMAT = dwarf;
				ENABLE_STRICT_OBJC_MSGSEND = YES;
				ENABLE_TESTABILITY = YES;
				GCC_C_LANGUAGE_STANDARD = gnu99;
				GCC_DYNAMIC_NO_PIC = NO;
				GCC_NO_COMMON_BLOCKS = YES;
				GCC_OPTIMIZATION_LEVEL = 0;
				GCC_PREPROCESSOR_DEFINITIONS = (
					"DEBUG=1",
					"$(inherited)",
				);
				GCC_WARN_64_TO_32_BIT_CONVERSION = YES;
				GCC_WARN_ABOUT_RETURN_TYPE = YES_ERROR;
				GCC_WARN_UNDECLARED_SELECTOR = YES;
				GCC_WARN_UNINITIALIZED_AUTOS = YES_AGGRESSIVE;
				GCC_WARN_UNUSED_FUNCTION = YES;
				GCC_WARN_UNUSED_VARIABLE = YES;
				IPHONEOS_DEPLOYMENT_TARGET = 10.2;
				MTL_ENABLE_DEBUG_INFO = YES;
				ONLY_ACTIVE_ARCH = YES;
				SDKROOT = iphoneos;
				SWIFT_ACTIVE_COMPILATION_CONDITIONS = DEBUG;
				SWIFT_OPTIMIZATION_LEVEL = "-Onone";
				TARGETED_DEVICE_FAMILY = "1,2";
			};
			name = Debug;
		};
		20F34E671E42D3060046EB64 /* Release */ = {
			isa = XCBuildConfiguration;
			buildSettings = {
				ALWAYS_SEARCH_USER_PATHS = NO;
				CLANG_ANALYZER_LOCALIZABILITY_NONLOCALIZED = YES;
				CLANG_ANALYZER_NONNULL = YES;
				CLANG_CXX_LANGUAGE_STANDARD = "gnu++0x";
				CLANG_CXX_LIBRARY = "libc++";
				CLANG_ENABLE_MODULES = YES;
				CLANG_ENABLE_OBJC_ARC = YES;
				CLANG_WARN_BOOL_CONVERSION = YES;
				CLANG_WARN_CONSTANT_CONVERSION = YES;
				CLANG_WARN_DIRECT_OBJC_ISA_USAGE = YES_ERROR;
				CLANG_WARN_DOCUMENTATION_COMMENTS = YES;
				CLANG_WARN_EMPTY_BODY = YES;
				CLANG_WARN_ENUM_CONVERSION = YES;
				CLANG_WARN_INFINITE_RECURSION = YES;
				CLANG_WARN_INT_CONVERSION = YES;
				CLANG_WARN_OBJC_ROOT_CLASS = YES_ERROR;
				CLANG_WARN_SUSPICIOUS_MOVE = YES;
				CLANG_WARN_UNREACHABLE_CODE = YES;
				CLANG_WARN__DUPLICATE_METHOD_MATCH = YES;
				"CODE_SIGN_IDENTITY[sdk=iphoneos*]" = "iPhone Developer";
				COPY_PHASE_STRIP = NO;
				DEBUG_INFORMATION_FORMAT = "dwarf-with-dsym";
				ENABLE_NS_ASSERTIONS = NO;
				ENABLE_STRICT_OBJC_MSGSEND = YES;
				GCC_C_LANGUAGE_STANDARD = gnu99;
				GCC_NO_COMMON_BLOCKS = YES;
				GCC_WARN_64_TO_32_BIT_CONVERSION = YES;
				GCC_WARN_ABOUT_RETURN_TYPE = YES_ERROR;
				GCC_WARN_UNDECLARED_SELECTOR = YES;
				GCC_WARN_UNINITIALIZED_AUTOS = YES_AGGRESSIVE;
				GCC_WARN_UNUSED_FUNCTION = YES;
				GCC_WARN_UNUSED_VARIABLE = YES;
				IPHONEOS_DEPLOYMENT_TARGET = 10.2;
				MTL_ENABLE_DEBUG_INFO = NO;
				SDKROOT = iphoneos;
				SWIFT_OPTIMIZATION_LEVEL = "-Owholemodule";
				TARGETED_DEVICE_FAMILY = "1,2";
				VALIDATE_PRODUCT = YES;
			};
			name = Release;
		};
		20F34E691E42D3060046EB64 /* Debug */ = {
			isa = XCBuildConfiguration;
			buildSettings = {
				ASSETCATALOG_COMPILER_APPICON_NAME = AppIcon;
				INFOPLIST_FILE = FuckingGoodCheapAndFast/Info.plist;
				LD_RUNPATH_SEARCH_PATHS = "$(inherited) @executable_path/Frameworks";
				PRODUCT_BUNDLE_IDENTIFIER = com.apacer.GoodCheapFast.FuckingGoodCheapAndFast;
				PRODUCT_NAME = "$(TARGET_NAME)";
				SWIFT_VERSION = 3.0;
			};
			name = Debug;
		};
		20F34E6A1E42D3060046EB64 /* Release */ = {
			isa = XCBuildConfiguration;
			buildSettings = {
				ASSETCATALOG_COMPILER_APPICON_NAME = AppIcon;
				INFOPLIST_FILE = FuckingGoodCheapAndFast/Info.plist;
				LD_RUNPATH_SEARCH_PATHS = "$(inherited) @executable_path/Frameworks";
				PRODUCT_BUNDLE_IDENTIFIER = com.apacer.GoodCheapFast.FuckingGoodCheapAndFast;
				PRODUCT_NAME = "$(TARGET_NAME)";
				SWIFT_VERSION = 3.0;
			};
			name = Release;
		};
/* End XCBuildConfiguration section */

/* Begin XCConfigurationList section */
		20F34E511E42D3060046EB64 /* Build configuration list for PBXProject "FuckingGoodCheapAndFast" */ = {
			isa = XCConfigurationList;
			buildConfigurations = (
				20F34E661E42D3060046EB64 /* Debug */,
				20F34E671E42D3060046EB64 /* Release */,
			);
			defaultConfigurationIsVisible = 0;
			defaultConfigurationName = Release;
		};
		20F34E681E42D3060046EB64 /* Build configuration list for PBXNativeTarget "FuckingGoodCheapAndFast" */ = {
			isa = XCConfigurationList;
			buildConfigurations = (
				20F34E691E42D3060046EB64 /* Debug */,
				20F34E6A1E42D3060046EB64 /* Release */,
			);
			defaultConfigurationIsVisible = 0;
		};
/* End XCConfigurationList section */
	};
	rootObject = 20F34E4E1E42D3060046EB64 /* Project object */;
}
